{
  "name": "keyfort",
  "version": "1.0.0",
  "lockfileVersion": 3,
  "requires": true,
  "packages": {
    "": {
      "name": "keyfort",
      "version": "1.0.0",
      "license": "ISC",
      "dependencies": {
        "fern-api": "^0.47.1"
      }
    },
    "node_modules/fern-api": {
      "version": "0.47.1",
      "resolved": "https://registry.npmjs.org/fern-api/-/fern-api-0.47.1.tgz",
      "integrity": "sha512-BEx4PZCZTrNL6SOVq6QjfCvfVvalwj27Y4GfCn8Z4hBWWrup14/2Ezi+KZKF7NPrOlLd1v1KulRl+DYRH7FfDg==",
      "bin": {
        "fern": "cli.cjs"
      }
    }
  }
}
